
Microsoft Visual Studio Solution File, Format Version 12.00
# Visual Studio 2012
Project("{FAE04EC0-301F-11D3-BF4B-00C04F79EFBC}") = "Tests", "Tests\Tests.csproj", "{F11CA915-8949-45F6-854D-A2BCD3F3A262}"
EndProject
Project("{2150E333-8FDC-42A3-9474-1A3956D46DE8}") = ".nuget", ".nuget", "{201C992F-6140-434E-8C7F-ABA057E544C7}"
	ProjectSection(SolutionItems) = preProject
		.nuget\NuGet.Config = .nuget\NuGet.Config
		.nuget\NuGet.exe = .nuget\NuGet.exe
		.nuget\NuGet.targets = .nuget\NuGet.targets
	EndProjectSection
EndProject
Project("{FAE04EC0-301F-11D3-BF4B-00C04F79EFBC}") = "Euler", "Euler\Euler.csproj", "{23A5AF53-1171-4580-BCDA-EBDD87F05958}"
EndProject
Project("{2150E333-8FDC-42A3-9474-1A3956D46DE8}") = ".build", ".build", "{E7CF14FD-5313-4FA6-BA18-1292CFF48FE0}"
	ProjectSection(SolutionItems) = preProject
		build.cmd = build.cmd
		build.proj = build.proj
	EndProjectSection
EndProject
Global
	GlobalSection(SolutionConfigurationPlatforms) = preSolution
		Debug|Any CPU = Debug|Any CPU
		Debug|Mixed Platforms = Debug|Mixed Platforms
		Debug|x86 = Debug|x86
		Release|Any CPU = Release|Any CPU
		Release|Mixed Platforms = Release|Mixed Platforms
		Release|x86 = Release|x86
	EndGlobalSection
	GlobalSection(ProjectConfigurationPlatforms) = postSolution
		{F11CA915-8949-45F6-854D-A2BCD3F3A262}.Debug|Any CPU.ActiveCfg = Debug|Any CPU
		{F11CA915-8949-45F6-854D-A2BCD3F3A262}.Debug|Any CPU.Build.0 = Debug|Any CPU
		{F11CA915-8949-45F6-854D-A2BCD3F3A262}.Debug|Mixed Platforms.ActiveCfg = Debug|Any CPU
		{F11CA915-8949-45F6-854D-A2BCD3F3A262}.Debug|Mixed Platforms.Build.0 = Debug|Any CPU
		{F11CA915-8949-45F6-854D-A2BCD3F3A262}.Debug|x86.ActiveCfg = Debug|Any CPU
		{F11CA915-8949-45F6-854D-A2BCD3F3A262}.Debug|x86.Build.0 = Debug|Any CPU
		{F11CA915-8949-45F6-854D-A2BCD3F3A262}.Release|Any CPU.ActiveCfg = Release|Any CPU
		{F11CA915-8949-45F6-854D-A2BCD3F3A262}.Release|Any CPU.Build.0 = Release|Any CPU
		{F11CA915-8949-45F6-854D-A2BCD3F3A262}.Release|Mixed Platforms.ActiveCfg = Release|Any CPU
		{F11CA915-8949-45F6-854D-A2BCD3F3A262}.Release|Mixed Platforms.Build.0 = Release|Any CPU
		{F11CA915-8949-45F6-854D-A2BCD3F3A262}.Release|x86.ActiveCfg = Release|Any CPU
		{F11CA915-8949-45F6-854D-A2BCD3F3A262}.Release|x86.Build.0 = Release|Any CPU
		{23A5AF53-1171-4580-BCDA-EBDD87F05958}.Debug|Any CPU.ActiveCfg = Debug|Any CPU
		{23A5AF53-1171-4580-BCDA-EBDD87F05958}.Debug|Any CPU.Build.0 = Debug|Any CPU
		{23A5AF53-1171-4580-BCDA-EBDD87F05958}.Debug|Mixed Platforms.ActiveCfg = Debug|Any CPU
		{23A5AF53-1171-4580-BCDA-EBDD87F05958}.Debug|Mixed Platforms.Build.0 = Debug|Any CPU
		{23A5AF53-1171-4580-BCDA-EBDD87F05958}.Debug|x86.ActiveCfg = Debug|Any CPU
		{23A5AF53-1171-4580-BCDA-EBDD87F05958}.Release|Any CPU.ActiveCfg = Release|Any CPU
		{23A5AF53-1171-4580-BCDA-EBDD87F05958}.Release|Any CPU.Build.0 = Release|Any CPU
		{23A5AF53-1171-4580-BCDA-EBDD87F05958}.Release|Mixed Platforms.ActiveCfg = Release|Any CPU
		{23A5AF53-1171-4580-BCDA-EBDD87F05958}.Release|Mixed Platforms.Build.0 = Release|Any CPU
		{23A5AF53-1171-4580-BCDA-EBDD87F05958}.Release|x86.ActiveCfg = Release|Any CPU
	EndGlobalSection
	GlobalSection(SolutionProperties) = preSolution
		HideSolutionNode = FALSE
	EndGlobalSection
EndGlobal
